
Microsoft Visual Studio Solution File, Format Version 12.00
# Visual Studio Version 17
VisualStudioVersion = 17.12.35527.113 d17.12
MinimumVisualStudioVersion = 10.0.40219.1
Project("{FAE04EC0-301F-11D3-BF4B-00C04F79EFBC}") = "EcoStep.Api", "EcoStep.Api\EcoStep.Api.csproj", "{112F37BE-5A33-4342-825E-282668A25FE1}"
EndProject
Project("{FAE04EC0-301F-11D3-BF4B-00C04F79EFBC}") = "EcoStep.Application", "EcoStep.Application\EcoStep.Application.csproj", "{E02224D7-7FAD-4872-A951-D49A10792602}"
EndProject
Project("{FAE04EC0-301F-11D3-BF4B-00C04F79EFBC}") = "EcoStep.Domain", "EcoStep.Domain\EcoStep.Domain.csproj", "{0C733421-9B09-4DB8-AF96-9874566E6B6C}"
EndProject
Project("{FAE04EC0-301F-11D3-BF4B-00C04F79EFBC}") = "EcoStep.Infrastructure", "EcoStep.Infraestructure\EcoStep.Infrastructure.csproj", "{CFD15CF3-141D-4E76-A12F-7AA78D396189}"
EndProject
Project("{FAE04EC0-301F-11D3-BF4B-00C04F79EFBC}") = "EcoStep.Shared", "EcoStep.Shared\EcoStep.Shared.csproj", "{F712CD86-B952-4EEE-9AE4-A89DF0F383EE}"
EndProject
Project("{E53339B2-1760-4266-BCC7-CA923CBCF16C}") = "docker-compose", "docker-compose.dcproj", "{C1FC5E0C-2373-4143-92FE-F9278AE6D6A2}"
EndProject
Global
	GlobalSection(SolutionConfigurationPlatforms) = preSolution
		Debug|Any CPU = Debug|Any CPU
		Release|Any CPU = Release|Any CPU
	EndGlobalSection
	GlobalSection(ProjectConfigurationPlatforms) = postSolution
		{112F37BE-5A33-4342-825E-282668A25FE1}.Debug|Any CPU.ActiveCfg = Debug|Any CPU
		{112F37BE-5A33-4342-825E-282668A25FE1}.Debug|Any CPU.Build.0 = Debug|Any CPU
		{112F37BE-5A33-4342-825E-282668A25FE1}.Release|Any CPU.ActiveCfg = Release|Any CPU
		{112F37BE-5A33-4342-825E-282668A25FE1}.Release|Any CPU.Build.0 = Release|Any CPU
		{E02224D7-7FAD-4872-A951-D49A10792602}.Debug|Any CPU.ActiveCfg = Debug|Any CPU
		{E02224D7-7FAD-4872-A951-D49A10792602}.Debug|Any CPU.Build.0 = Debug|Any CPU
		{E02224D7-7FAD-4872-A951-D49A10792602}.Release|Any CPU.ActiveCfg = Release|Any CPU
		{E02224D7-7FAD-4872-A951-D49A10792602}.Release|Any CPU.Build.0 = Release|Any CPU
		{0C733421-9B09-4DB8-AF96-9874566E6B6C}.Debug|Any CPU.ActiveCfg = Debug|Any CPU
		{0C733421-9B09-4DB8-AF96-9874566E6B6C}.Debug|Any CPU.Build.0 = Debug|Any CPU
		{0C733421-9B09-4DB8-AF96-9874566E6B6C}.Release|Any CPU.ActiveCfg = Release|Any CPU
		{0C733421-9B09-4DB8-AF96-9874566E6B6C}.Release|Any CPU.Build.0 = Release|Any CPU
		{CFD15CF3-141D-4E76-A12F-7AA78D396189}.Debug|Any CPU.ActiveCfg = Debug|Any CPU
		{CFD15CF3-141D-4E76-A12F-7AA78D396189}.Debug|Any CPU.Build.0 = Debug|Any CPU
		{CFD15CF3-141D-4E76-A12F-7AA78D396189}.Release|Any CPU.ActiveCfg = Release|Any CPU
		{CFD15CF3-141D-4E76-A12F-7AA78D396189}.Release|Any CPU.Build.0 = Release|Any CPU
		{F712CD86-B952-4EEE-9AE4-A89DF0F383EE}.Debug|Any CPU.ActiveCfg = Debug|Any CPU
		{F712CD86-B952-4EEE-9AE4-A89DF0F383EE}.Debug|Any CPU.Build.0 = Debug|Any CPU
		{F712CD86-B952-4EEE-9AE4-A89DF0F383EE}.Release|Any CPU.ActiveCfg = Release|Any CPU
		{F712CD86-B952-4EEE-9AE4-A89DF0F383EE}.Release|Any CPU.Build.0 = Release|Any CPU
		{C1FC5E0C-2373-4143-92FE-F9278AE6D6A2}.Debug|Any CPU.ActiveCfg = Debug|Any CPU
		{C1FC5E0C-2373-4143-92FE-F9278AE6D6A2}.Debug|Any CPU.Build.0 = Debug|Any CPU
		{C1FC5E0C-2373-4143-92FE-F9278AE6D6A2}.Release|Any CPU.ActiveCfg = Release|Any CPU
		{C1FC5E0C-2373-4143-92FE-F9278AE6D6A2}.Release|Any CPU.Build.0 = Release|Any CPU
	EndGlobalSection
	GlobalSection(SolutionProperties) = preSolution
		HideSolutionNode = FALSE
	EndGlobalSection
EndGlobal
